
Microsoft Visual Studio Solution File, Format Version 12.00
# Visual Studio Version 16
VisualStudioVersion = 16.0.30114.105
MinimumVisualStudioVersion = 10.0.40219.1
Project("{FAE04EC0-301F-11D3-BF4B-00C04F79EFBC}") = "SalesWebMvc", "SalesWebMvc\SalesWebMvc.csproj", "{0ACAC062-D43F-4E42-9F19-A15A1695AF54}"
EndProject
Global
	GlobalSection(SolutionConfigurationPlatforms) = preSolution
		Debug|Any CPU = Debug|Any CPU
		Release|Any CPU = Release|Any CPU
	EndGlobalSection
	GlobalSection(ProjectConfigurationPlatforms) = postSolution
		{0ACAC062-D43F-4E42-9F19-A15A1695AF54}.Debug|Any CPU.ActiveCfg = Debug|Any CPU
		{0ACAC062-D43F-4E42-9F19-A15A1695AF54}.Debug|Any CPU.Build.0 = Debug|Any CPU
		{0ACAC062-D43F-4E42-9F19-A15A1695AF54}.Release|Any CPU.ActiveCfg = Release|Any CPU
		{0ACAC062-D43F-4E42-9F19-A15A1695AF54}.Release|Any CPU.Build.0 = Release|Any CPU
	EndGlobalSection
	GlobalSection(SolutionProperties) = preSolution
		HideSolutionNode = FALSE
	EndGlobalSection
	GlobalSection(ExtensibilityGlobals) = postSolution
		SolutionGuid = {259D90A1-85F7-4329-B774-64C3BA96A795}
	EndGlobalSection
EndGlobal
